
Microsoft Visual Studio Solution File, Format Version 12.00
# Visual Studio 14
VisualStudioVersion = 14.0.25420.1
MinimumVisualStudioVersion = 10.0.40219.1
Project("{FAE04EC0-301F-11D3-BF4B-00C04F79EFBC}") = "TalentAcquisition", "TalentAcquisition\TalentAcquisition.csproj", "{30B7D403-1875-4092-BC18-D6F009929A85}"
EndProject
Project("{FAE04EC0-301F-11D3-BF4B-00C04F79EFBC}") = "TalentAcquisition.BusinessLogic", "TalentAcquisition.BusinessLogic\TalentAcquisition.BusinessLogic.csproj", "{EC5D80EF-25BE-42D2-9E24-4CFAC0B41374}"
EndProject
Project("{FAE04EC0-301F-11D3-BF4B-00C04F79EFBC}") = "TalentAcquisition.DataLayer", "TalentAcquisition.DataLayer\TalentAcquisition.DataLayer.csproj", "{526BD282-AB06-4F44-A5A5-6F5461E83864}"
EndProject
Project("{FAE04EC0-301F-11D3-BF4B-00C04F79EFBC}") = "Talent.HRM.OnboardingDAL", "HRM.OnboardingDAL\Talent.HRM.OnboardingDAL.csproj", "{4FCB59A6-C579-4926-B724-17929546E0EA}"
EndProject
Project("{FAE04EC0-301F-11D3-BF4B-00C04F79EFBC}") = "Talent.HRM.Services", "Talent.HRM.Services\Talent.HRM.Services.csproj", "{9FE08534-80B1-4C94-8615-4D38F967C22E}"
EndProject
Global
	GlobalSection(SolutionConfigurationPlatforms) = preSolution
		Debug|Any CPU = Debug|Any CPU
		Release|Any CPU = Release|Any CPU
	EndGlobalSection
	GlobalSection(ProjectConfigurationPlatforms) = postSolution
		{30B7D403-1875-4092-BC18-D6F009929A85}.Debug|Any CPU.ActiveCfg = Debug|Any CPU
		{30B7D403-1875-4092-BC18-D6F009929A85}.Debug|Any CPU.Build.0 = Debug|Any CPU
		{30B7D403-1875-4092-BC18-D6F009929A85}.Release|Any CPU.ActiveCfg = Release|Any CPU
		{30B7D403-1875-4092-BC18-D6F009929A85}.Release|Any CPU.Build.0 = Release|Any CPU
		{EC5D80EF-25BE-42D2-9E24-4CFAC0B41374}.Debug|Any CPU.ActiveCfg = Debug|Any CPU
		{EC5D80EF-25BE-42D2-9E24-4CFAC0B41374}.Debug|Any CPU.Build.0 = Debug|Any CPU
		{EC5D80EF-25BE-42D2-9E24-4CFAC0B41374}.Release|Any CPU.ActiveCfg = Release|Any CPU
		{EC5D80EF-25BE-42D2-9E24-4CFAC0B41374}.Release|Any CPU.Build.0 = Release|Any CPU
		{526BD282-AB06-4F44-A5A5-6F5461E83864}.Debug|Any CPU.ActiveCfg = Debug|Any CPU
		{526BD282-AB06-4F44-A5A5-6F5461E83864}.Debug|Any CPU.Build.0 = Debug|Any CPU
		{526BD282-AB06-4F44-A5A5-6F5461E83864}.Release|Any CPU.ActiveCfg = Release|Any CPU
		{526BD282-AB06-4F44-A5A5-6F5461E83864}.Release|Any CPU.Build.0 = Release|Any CPU
		{4FCB59A6-C579-4926-B724-17929546E0EA}.Debug|Any CPU.ActiveCfg = Debug|Any CPU
		{4FCB59A6-C579-4926-B724-17929546E0EA}.Debug|Any CPU.Build.0 = Debug|Any CPU
		{4FCB59A6-C579-4926-B724-17929546E0EA}.Release|Any CPU.ActiveCfg = Release|Any CPU
		{4FCB59A6-C579-4926-B724-17929546E0EA}.Release|Any CPU.Build.0 = Release|Any CPU
		{9FE08534-80B1-4C94-8615-4D38F967C22E}.Debug|Any CPU.ActiveCfg = Debug|Any CPU
		{9FE08534-80B1-4C94-8615-4D38F967C22E}.Debug|Any CPU.Build.0 = Debug|Any CPU
		{9FE08534-80B1-4C94-8615-4D38F967C22E}.Release|Any CPU.ActiveCfg = Release|Any CPU
		{9FE08534-80B1-4C94-8615-4D38F967C22E}.Release|Any CPU.Build.0 = Release|Any CPU
	EndGlobalSection
	GlobalSection(SolutionProperties) = preSolution
		HideSolutionNode = FALSE
	EndGlobalSection
EndGlobal
